
Microsoft Visual Studio Solution File, Format Version 12.00
# Visual Studio Version 17
VisualStudioVersion = 17.4.33205.214
MinimumVisualStudioVersion = 10.0.40219.1
Project("{FAE04EC0-301F-11D3-BF4B-00C04F79EFBC}") = "REG_MARK_LIB", "Sessia2\REG_MARK_LIB.csproj", "{8454171B-4B8C-4401-ABEA-ACD7B506D73B}"
EndProject
Project("{FAE04EC0-301F-11D3-BF4B-00C04F79EFBC}") = "UnitTestProject1", "UnitTestProject1\UnitTestProject1.csproj", "{7209E414-BADE-4B6F-A266-C5188DC7FBD4}"
EndProject
Global
	GlobalSection(SolutionConfigurationPlatforms) = preSolution
		Debug|Any CPU = Debug|Any CPU
		Release|Any CPU = Release|Any CPU
	EndGlobalSection
	GlobalSection(ProjectConfigurationPlatforms) = postSolution
		{8454171B-4B8C-4401-ABEA-ACD7B506D73B}.Debug|Any CPU.ActiveCfg = Debug|Any CPU
		{8454171B-4B8C-4401-ABEA-ACD7B506D73B}.Debug|Any CPU.Build.0 = Debug|Any CPU
		{8454171B-4B8C-4401-ABEA-ACD7B506D73B}.Release|Any CPU.ActiveCfg = Release|Any CPU
		{8454171B-4B8C-4401-ABEA-ACD7B506D73B}.Release|Any CPU.Build.0 = Release|Any CPU
		{7209E414-BADE-4B6F-A266-C5188DC7FBD4}.Debug|Any CPU.ActiveCfg = Debug|Any CPU
		{7209E414-BADE-4B6F-A266-C5188DC7FBD4}.Debug|Any CPU.Build.0 = Debug|Any CPU
		{7209E414-BADE-4B6F-A266-C5188DC7FBD4}.Release|Any CPU.ActiveCfg = Release|Any CPU
		{7209E414-BADE-4B6F-A266-C5188DC7FBD4}.Release|Any CPU.Build.0 = Release|Any CPU
	EndGlobalSection
	GlobalSection(SolutionProperties) = preSolution
		HideSolutionNode = FALSE
	EndGlobalSection
	GlobalSection(ExtensibilityGlobals) = postSolution
		SolutionGuid = {B0FD1F18-2268-423C-9D6A-97F12F96164C}
	EndGlobalSection
EndGlobal
